// !$*UTF8*$!
{
	archiveVersion = 1;
	classes = {
	};
	objectVersion = 46;
	objects = {

/* Begin PBXBuildFile section */
		392D96751D6C39CE00C16B0E /* main.m in Sources */ = {isa = PBXBuildFile; fileRef = 392D96741D6C39CE00C16B0E /* main.m */; };
		392D96781D6C39CE00C16B0E /* AppDelegate.m in Sources */ = {isa = PBXBuildFile; fileRef = 392D96771D6C39CE00C16B0E /* AppDelegate.m */; };
		392D967B1D6C39CE00C16B0E /* ViewController.m in Sources */ = {isa = PBXBuildFile; fileRef = 392D967A1D6C39CE00C16B0E /* ViewController.m */; };
		392D967E1D6C39CE00C16B0E /* Main.storyboard in Resources */ = {isa = PBXBuildFile; fileRef = 392D967C1D6C39CE00C16B0E /* Main.storyboard */; };
		392D96801D6C39CE00C16B0E /* Assets.xcassets in Resources */ = {isa = PBXBuildFile; fileRef = 392D967F1D6C39CE00C16B0E /* Assets.xcassets */; };
		392D96831D6C39CE00C16B0E /* LaunchScreen.storyboard in Resources */ = {isa = PBXBuildFile; fileRef = 392D96811D6C39CE00C16B0E /* LaunchScreen.storyboard */; };
		392D968B1D6C39F900C16B0E /* index.html in Resources */ = {isa = PBXBuildFile; fileRef = 392D968A1D6C39F900C16B0E /* index.html */; };
		39AC3BC21D6C42D1007B0875 /* TwoViewController.m in Sources */ = {isa = PBXBuildFile; fileRef = 39AC3BC11D6C42D1007B0875 /* TwoViewController.m */; };
/* End PBXBuildFile section */

/* Begin PBXFileReference section */
		392D96701D6C39CE00C16B0E /* webtojs.app */ = {isa = PBXFileReference; explicitFileType = wrapper.application; includeInIndex = 0; path = webtojs.app; sourceTree = BUILT_PRODUCTS_DIR; };
		392D96741D6C39CE00C16B0E /* main.m */ = {isa = PBXFileReference; lastKnownFileType = sourcecode.c.objc; path = main.m; sourceTree = "<group>"; };
		392D96761D6C39CE00C16B0E /* AppDelegate.h */ = {isa = PBXFileReference; lastKnownFileType = sourcecode.c.h; path = AppDelegate.h; sourceTree = "<group>"; };
		392D96771D6C39CE00C16B0E /* AppDelegate.m */ = {isa = PBXFileReference; lastKnownFileType = sourcecode.c.objc; path = AppDelegate.m; sourceTree = "<group>"; };
		392D96791D6C39CE00C16B0E /* ViewController.h */ = {isa = PBXFileReference; lastKnownFileType = sourcecode.c.h; path = ViewController.h; sourceTree = "<group>"; };
		392D967A1D6C39CE00C16B0E /* ViewController.m */ = {isa = PBXFileReference; lastKnownFileType = sourcecode.c.objc; path = ViewController.m; sourceTree = "<group>"; };
		392D967D1D6C39CE00C16B0E /* Base */ = {isa = PBXFileReference; lastKnownFileType = file.storyboard; name = Base; path = Base.lproj/Main.storyboard; sourceTree = "<group>"; };
		392D967F1D6C39CE00C16B0E /* Assets.xcassets */ = {isa = PBXFileReference; lastKnownFileType = folder.assetcatalog; path = Assets.xcassets; sourceTree = "<group>"; };
		392D96821D6C39CE00C16B0E /* Base */ = {isa = PBXFileReference; lastKnownFileType = file.storyboard; name = Base; path = Base.lproj/LaunchScreen.storyboard; sourceTree = "<group>"; };
		392D96841D6C39CE00C16B0E /* Info.plist */ = {isa = PBXFileReference; lastKnownFileType = text.plist.xml; path = Info.plist; sourceTree = "<group>"; };
		392D968A1D6C39F900C16B0E /* index.html */ = {isa = PBXFileReference; fileEncoding = 4; lastKnownFileType = text.html; path = index.html; sourceTree = "<group>"; };
		39AC3BC01D6C42D1007B0875 /* TwoViewController.h */ = {isa = PBXFileReference; fileEncoding = 4; lastKnownFileType = sourcecode.c.h; path = TwoViewController.h; sourceTree = "<group>"; };
		39AC3BC11D6C42D1007B0875 /* TwoViewController.m */ = {isa = PBXFileReference; fileEncoding = 4; lastKnownFileType = sourcecode.c.objc; path = TwoViewController.m; sourceTree = "<group>"; };
/* End PBXFileReference section */

/* Begin PBXFrameworksBuildPhase section */
		392D966D1D6C39CE00C16B0E /* Frameworks */ = {
			isa = PBXFrameworksBuildPhase;
			buildActionMask = 2147483647;
			files = (
			);
			runOnlyForDeploymentPostprocessing = 0;
		};
/* End PBXFrameworksBuildPhase section */

/* Begin PBXGroup section */
		392D96671D6C39CE00C16B0E = {
			isa = PBXGroup;
			children = (
				392D96721D6C39CE00C16B0E /* webtojs */,
				392D96711D6C39CE00C16B0E /* Products */,
			);
			sourceTree = "<group>";
		};
		392D96711D6C39CE00C16B0E /* Products */ = {
			isa = PBXGroup;
			children = (
				392D96701D6C39CE00C16B0E /* webtojs.app */,
			);
			name = Products;
			sourceTree = "<group>";
		};
		392D96721D6C39CE00C16B0E /* webtojs */ = {
			isa = PBXGroup;
			children = (
				392D96761D6C39CE00C16B0E /* AppDelegate.h */,
				392D96771D6C39CE00C16B0E /* AppDelegate.m */,
				392D96791D6C39CE00C16B0E /* ViewController.h */,
				392D967A1D6C39CE00C16B0E /* ViewController.m */,
				39AC3BC01D6C42D1007B0875 /* TwoViewController.h */,
				39AC3BC11D6C42D1007B0875 /* TwoViewController.m */,
				392D968A1D6C39F900C16B0E /* index.html */,
				392D967C1D6C39CE00C16B0E /* Main.storyboard */,
				392D967F1D6C39CE00C16B0E /* Assets.xcassets */,
				392D96811D6C39CE00C16B0E /* LaunchScreen.storyboard */,
				392D96841D6C39CE00C16B0E /* Info.plist */,
				392D96731D6C39CE00C16B0E /* Supporting Files */,
			);
			path = webtojs;
			sourceTree = "<group>";
		};
		392D96731D6C39CE00C16B0E /* Supporting Files */ = {
			isa = PBXGroup;
			children = (
				392D96741D6C39CE00C16B0E /* main.m */,
			);
			name = "Supporting Files";
			sourceTree = "<group>";
		};
/* End PBXGroup section */

/* Begin PBXNativeTarget section */
		392D966F1D6C39CE00C16B0E /* webtojs */ = {
			isa = PBXNativeTarget;
			buildConfigurationList = 392D96871D6C39CE00C16B0E /* Build configuration list for PBXNativeTarget "webtojs" */;
			buildPhases = (
				392D966C1D6C39CE00C16B0E /* Sources */,
				392D966D1D6C39CE00C16B0E /* Frameworks */,
				392D966E1D6C39CE00C16B0E /* Resources */,
			);
			buildRules = (
			);
			dependencies = (
			);
			name = webtojs;
			productName = webtojs;
			productReference = 392D96701D6C39CE00C16B0E /* webtojs.app */;
			productType = "com.apple.product-type.application";
		};
/* End PBXNativeTarget section */

/* Begin PBXProject section */
		392D96681D6C39CE00C16B0E /* Project object */ = {
			isa = PBXProject;
			attributes = {
				LastUpgradeCheck = 0730;
				ORGANIZATIONNAME = fadada;
				TargetAttributes = {
					392D966F1D6C39CE00C16B0E = {
						CreatedOnToolsVersion = 7.3.1;
					};
				};
			};
			buildConfigurationList = 392D966B1D6C39CE00C16B0E /* Build configuration list for PBXProject "webtojs" */;
			compatibilityVersion = "Xcode 3.2";
			developmentRegion = English;
			hasScannedForEncodings = 0;
			knownRegions = (
				en,
				Base,
			);
			mainGroup = 392D96671D6C39CE00C16B0E;
			productRefGroup = 392D96711D6C39CE00C16B0E /* Products */;
			projectDirPath = "";
			projectRoot = "";
			targets = (
				392D966F1D6C39CE00C16B0E /* webtojs */,
			);
		};
/* End PBXProject section */

/* Begin PBXResourcesBuildPhase section */
		392D966E1D6C39CE00C16B0E /* Resources */ = {
			isa = PBXResourcesBuildPhase;
			buildActionMask = 2147483647;
			files = (
				392D96831D6C39CE00C16B0E /* LaunchScreen.storyboard in Resources */,
				392D968B1D6C39F900C16B0E /* index.html in Resources */,
				392D96801D6C39CE00C16B0E /* Assets.xcassets in Resources */,
				392D967E1D6C39CE00C16B0E /* Main.storyboard in Resources */,
			);
			runOnlyForDeploymentPostprocessing = 0;
		};
/* End PBXResourcesBuildPhase section */

/* Begin PBXSourcesBuildPhase section */
		392D966C1D6C39CE00C16B0E /* Sources */ = {
			isa = PBXSourcesBuildPhase;
			buildActionMask = 2147483647;
			files = (
				392D967B1D6C39CE00C16B0E /* ViewController.m in Sources */,
				392D96781D6C39CE00C16B0E /* AppDelegate.m in Sources */,
				392D96751D6C39CE00C16B0E /* main.m in Sources */,
				39AC3BC21D6C42D1007B0875 /* TwoViewController.m in Sources */,
			);
			runOnlyForDeploymentPostprocessing = 0;
		};
/* End PBXSourcesBuildPhase section */

/* Begin PBXVariantGroup section */
		392D967C1D6C39CE00C16B0E /* Main.storyboard */ = {
			isa = PBXVariantGroup;
			children = (
				392D967D1D6C39CE00C16B0E /* Base */,
			);
			name = Main.storyboard;
			sourceTree = "<group>";
		};
		392D96811D6C39CE00C16B0E /* LaunchScreen.storyboard */ = {
			isa = PBXVariantGroup;
			children = (
				392D96821D6C39CE00C16B0E /* Base */,
			);
			name = LaunchScreen.storyboard;
			sourceTree = "<group>";
		};
/* End PBXVariantGroup section */

/* Begin XCBuildConfiguration section */
		392D96851D6C39CE00C16B0E /* Debug */ = {
			isa = XCBuildConfiguration;
			buildSettings = {
				ALWAYS_SEARCH_USER_PATHS = NO;
				CLANG_ANALYZER_NONNULL = YES;
				CLANG_CXX_LANGUAGE_STANDARD = "gnu++0x";
				CLANG_CXX_LIBRARY = "libc++";
				CLANG_ENABLE_MODULES = YES;
				CLANG_ENABLE_OBJC_ARC = YES;
				CLANG_WARN_BOOL_CONVERSION = YES;
				CLANG_WARN_CONSTANT_CONVERSION = YES;
				CLANG_WARN_DIRECT_OBJC_ISA_USAGE = YES_ERROR;
				CLANG_WARN_EMPTY_BODY = YES;
				CLANG_WARN_ENUM_CONVERSION = YES;
				CLANG_WARN_INT_CONVERSION = YES;
				CLANG_WARN_OBJC_ROOT_CLASS = YES_ERROR;
				CLANG_WARN_UNREACHABLE_CODE = YES;
				CLANG_WARN__DUPLICATE_METHOD_MATCH = YES;
				"CODE_SIGN_IDENTITY[sdk=iphoneos*]" = "iPhone Developer";
				COPY_PHASE_STRIP = NO;
				DEBUG_INFORMATION_FORMAT = dwarf;
				ENABLE_STRICT_OBJC_MSGSEND = YES;
				ENABLE_TESTABILITY = YES;
				GCC_C_LANGUAGE_STANDARD = gnu99;
				GCC_DYNAMIC_NO_PIC = NO;
				GCC_NO_COMMON_BLOCKS = YES;
				GCC_OPTIMIZATION_LEVEL = 0;
				GCC_PREPROCESSOR_DEFINITIONS = (
					"DEBUG=1",
					"$(inherited)",
				);
				GCC_WARN_64_TO_32_BIT_CONVERSION = YES;
				GCC_WARN_ABOUT_RETURN_TYPE = YES_ERROR;
				GCC_WARN_UNDECLARED_SELECTOR = YES;
				GCC_WARN_UNINITIALIZED_AUTOS = YES_AGGRESSIVE;
				GCC_WARN_UNUSED_FUNCTION = YES;
				GCC_WARN_UNUSED_VARIABLE = YES;
				IPHONEOS_DEPLOYMENT_TARGET = 9.3;
				MTL_ENABLE_DEBUG_INFO = YES;
				ONLY_ACTIVE_ARCH = YES;
				SDKROOT = iphoneos;
			};
			name = Debug;
		};
		392D96861D6C39CE00C16B0E /* Release */ = {
			isa = XCBuildConfiguration;
			buildSettings = {
				ALWAYS_SEARCH_USER_PATHS = NO;
				CLANG_ANALYZER_NONNULL = YES;
				CLANG_CXX_LANGUAGE_STANDARD = "gnu++0x";
				CLANG_CXX_LIBRARY = "libc++";
				CLANG_ENABLE_MODULES = YES;
				CLANG_ENABLE_OBJC_ARC = YES;
				CLANG_WARN_BOOL_CONVERSION = YES;
				CLANG_WARN_CONSTANT_CONVERSION = YES;
				CLANG_WARN_DIRECT_OBJC_ISA_USAGE = YES_ERROR;
				CLANG_WARN_EMPTY_BODY = YES;
				CLANG_WARN_ENUM_CONVERSION = YES;
				CLANG_WARN_INT_CONVERSION = YES;
				CLANG_WARN_OBJC_ROOT_CLASS = YES_ERROR;
				CLANG_WARN_UNREACHABLE_CODE = YES;
				CLANG_WARN__DUPLICATE_METHOD_MATCH = YES;
				"CODE_SIGN_IDENTITY[sdk=iphoneos*]" = "iPhone Developer";
				COPY_PHASE_STRIP = NO;
				DEBUG_INFORMATION_FORMAT = "dwarf-with-dsym";
				ENABLE_NS_ASSERTIONS = NO;
				ENABLE_STRICT_OBJC_MSGSEND = YES;
				GCC_C_LANGUAGE_STANDARD = gnu99;
				GCC_NO_COMMON_BLOCKS = YES;
				GCC_WARN_64_TO_32_BIT_CONVERSION = YES;
				GCC_WARN_ABOUT_RETURN_TYPE = YES_ERROR;
				GCC_WARN_UNDECLARED_SELECTOR = YES;
				GCC_WARN_UNINITIALIZED_AUTOS = YES_AGGRESSIVE;
				GCC_WARN_UNUSED_FUNCTION = YES;
				GCC_WARN_UNUSED_VARIABLE = YES;
				IPHONEOS_DEPLOYMENT_TARGET = 9.3;
				MTL_ENABLE_DEBUG_INFO = NO;
				SDKROOT = iphoneos;
				VALIDATE_PRODUCT = YES;
			};
			name = Release;
		};
		392D96881D6C39CE00C16B0E /* Debug */ = {
			isa = XCBuildConfiguration;
			buildSettings = {
				ASSETCATALOG_COMPILER_APPICON_NAME = AppIcon;
				INFOPLIST_FILE = webtojs/Info.plist;
				LD_RUNPATH_SEARCH_PATHS = "$(inherited) @executable_path/Frameworks";
				PRODUCT_BUNDLE_IDENTIFIER = com.fadada.webtojs;
				PRODUCT_NAME = "$(TARGET_NAME)";
			};
			name = Debug;
		};
		392D96891D6C39CE00C16B0E /* Release */ = {
			isa = XCBuildConfiguration;
			buildSettings = {
				ASSETCATALOG_COMPILER_APPICON_NAME = AppIcon;
				INFOPLIST_FILE = webtojs/Info.plist;
				LD_RUNPATH_SEARCH_PATHS = "$(inherited) @executable_path/Frameworks";
				PRODUCT_BUNDLE_IDENTIFIER = com.fadada.webtojs;
				PRODUCT_NAME = "$(TARGET_NAME)";
			};
			name = Release;
		};
/* End XCBuildConfiguration section */

/* Begin XCConfigurationList section */
		392D966B1D6C39CE00C16B0E /* Build configuration list for PBXProject "webtojs" */ = {
			isa = XCConfigurationList;
			buildConfigurations = (
				392D96851D6C39CE00C16B0E /* Debug */,
				392D96861D6C39CE00C16B0E /* Release */,
			);
			defaultConfigurationIsVisible = 0;
			defaultConfigurationName = Release;
		};
		392D96871D6C39CE00C16B0E /* Build configuration list for PBXNativeTarget "webtojs" */ = {
			isa = XCConfigurationList;
			buildConfigurations = (
				392D96881D6C39CE00C16B0E /* Debug */,
				392D96891D6C39CE00C16B0E /* Release */,
			);
			defaultConfigurationIsVisible = 0;
			defaultConfigurationName = Release;
		};
/* End XCConfigurationList section */
	};
	rootObject = 392D96681D6C39CE00C16B0E /* Project object */;
}
